// !$*UTF8*$!
{
	archiveVersion = 1;
	classes = {
	};
	objectVersion = 50;
	objects = {

/* Begin PBXBuildFile section */
		5272B4EA27A2586700D3E728 /* AppDelegate.swift in Sources */ = {isa = PBXBuildFile; fileRef = 5272B4E927A2586700D3E728 /* AppDelegate.swift */; };
		5272B4EC27A2586700D3E728 /* SceneDelegate.swift in Sources */ = {isa = PBXBuildFile; fileRef = 5272B4EB27A2586700D3E728 /* SceneDelegate.swift */; };
		5272B4EE27A2586700D3E728 /* ViewController.swift in Sources */ = {isa = PBXBuildFile; fileRef = 5272B4ED27A2586700D3E728 /* ViewController.swift */; };
		5272B4F127A2586700D3E728 /* Main.storyboard in Resources */ = {isa = PBXBuildFile; fileRef = 5272B4EF27A2586700D3E728 /* Main.storyboard */; };
		5272B4F327A2586800D3E728 /* Assets.xcassets in Resources */ = {isa = PBXBuildFile; fileRef = 5272B4F227A2586800D3E728 /* Assets.xcassets */; };
		5272B4F627A2586800D3E728 /* LaunchScreen.storyboard in Resources */ = {isa = PBXBuildFile; fileRef = 5272B4F427A2586800D3E728 /* LaunchScreen.storyboard */; };
		5272B50127A2586800D3E728 /* PreworkTests.swift in Sources */ = {isa = PBXBuildFile; fileRef = 5272B50027A2586800D3E728 /* PreworkTests.swift */; };
		5272B50C27A2586800D3E728 /* PreworkUITests.swift in Sources */ = {isa = PBXBuildFile; fileRef = 5272B50B27A2586800D3E728 /* PreworkUITests.swift */; };
		5272B52827A39B5700D3E728 /* SettingViewController.swift in Sources */ = {isa = PBXBuildFile; fileRef = 5272B52727A39B5700D3E728 /* SettingViewController.swift */; };
/* End PBXBuildFile section */

/* Begin PBXContainerItemProxy section */
		5272B4FD27A2586800D3E728 /* PBXContainerItemProxy */ = {
			isa = PBXContainerItemProxy;
			containerPortal = 5272B4DE27A2586700D3E728 /* Project object */;
			proxyType = 1;
			remoteGlobalIDString = 5272B4E527A2586700D3E728;
			remoteInfo = Prework;
		};
		5272B50827A2586800D3E728 /* PBXContainerItemProxy */ = {
			isa = PBXContainerItemProxy;
			containerPortal = 5272B4DE27A2586700D3E728 /* Project object */;
			proxyType = 1;
			remoteGlobalIDString = 5272B4E527A2586700D3E728;
			remoteInfo = Prework;
		};
/* End PBXContainerItemProxy section */

/* Begin PBXFileReference section */
		5272B4E627A2586700D3E728 /* Prework.app */ = {isa = PBXFileReference; explicitFileType = wrapper.application; includeInIndex = 0; path = Prework.app; sourceTree = BUILT_PRODUCTS_DIR; };
		5272B4E927A2586700D3E728 /* AppDelegate.swift */ = {isa = PBXFileReference; lastKnownFileType = sourcecode.swift; path = AppDelegate.swift; sourceTree = "<group>"; };
		5272B4EB27A2586700D3E728 /* SceneDelegate.swift */ = {isa = PBXFileReference; lastKnownFileType = sourcecode.swift; path = SceneDelegate.swift; sourceTree = "<group>"; };
		5272B4ED27A2586700D3E728 /* ViewController.swift */ = {isa = PBXFileReference; lastKnownFileType = sourcecode.swift; path = ViewController.swift; sourceTree = "<group>"; };
		5272B4F027A2586700D3E728 /* Base */ = {isa = PBXFileReference; lastKnownFileType = file.storyboard; name = Base; path = Base.lproj/Main.storyboard; sourceTree = "<group>"; };
		5272B4F227A2586800D3E728 /* Assets.xcassets */ = {isa = PBXFileReference; lastKnownFileType = folder.assetcatalog; path = Assets.xcassets; sourceTree = "<group>"; };
		5272B4F527A2586800D3E728 /* Base */ = {isa = PBXFileReference; lastKnownFileType = file.storyboard; name = Base; path = Base.lproj/LaunchScreen.storyboard; sourceTree = "<group>"; };
		5272B4F727A2586800D3E728 /* Info.plist */ = {isa = PBXFileReference; lastKnownFileType = text.plist.xml; path = Info.plist; sourceTree = "<group>"; };
		5272B4FC27A2586800D3E728 /* PreworkTests.xctest */ = {isa = PBXFileReference; explicitFileType = wrapper.cfbundle; includeInIndex = 0; path = PreworkTests.xctest; sourceTree = BUILT_PRODUCTS_DIR; };
		5272B50027A2586800D3E728 /* PreworkTests.swift */ = {isa = PBXFileReference; lastKnownFileType = sourcecode.swift; path = PreworkTests.swift; sourceTree = "<group>"; };
		5272B50227A2586800D3E728 /* Info.plist */ = {isa = PBXFileReference; lastKnownFileType = text.plist.xml; path = Info.plist; sourceTree = "<group>"; };
		5272B50727A2586800D3E728 /* PreworkUITests.xctest */ = {isa = PBXFileReference; explicitFileType = wrapper.cfbundle; includeInIndex = 0; path = PreworkUITests.xctest; sourceTree = BUILT_PRODUCTS_DIR; };
		5272B50B27A2586800D3E728 /* PreworkUITests.swift */ = {isa = PBXFileReference; lastKnownFileType = sourcecode.swift; path = PreworkUITests.swift; sourceTree = "<group>"; };
		5272B50D27A2586800D3E728 /* Info.plist */ = {isa = PBXFileReference; lastKnownFileType = text.plist.xml; path = Info.plist; sourceTree = "<group>"; };
		5272B52727A39B5700D3E728 /* SettingViewController.swift */ = {isa = PBXFileReference; lastKnownFileType = sourcecode.swift; path = SettingViewController.swift; sourceTree = "<group>"; };
/* End PBXFileReference section */

/* Begin PBXFrameworksBuildPhase section */
		5272B4E327A2586700D3E728 /* Frameworks */ = {
			isa = PBXFrameworksBuildPhase;
			buildActionMask = 2147483647;
			files = (
			);
			runOnlyForDeploymentPostprocessing = 0;
		};
		5272B4F927A2586800D3E728 /* Frameworks */ = {
			isa = PBXFrameworksBuildPhase;
			buildActionMask = 2147483647;
			files = (
			);
			runOnlyForDeploymentPostprocessing = 0;
		};
		5272B50427A2586800D3E728 /* Frameworks */ = {
			isa = PBXFrameworksBuildPhase;
			buildActionMask = 2147483647;
			files = (
			);
			runOnlyForDeploymentPostprocessing = 0;
		};
/* End PBXFrameworksBuildPhase section */

/* Begin PBXGroup section */
		5272B4DD27A2586700D3E728 = {
			isa = PBXGroup;
			children = (
				5272B4E827A2586700D3E728 /* Prework */,
				5272B4FF27A2586800D3E728 /* PreworkTests */,
				5272B50A27A2586800D3E728 /* PreworkUITests */,
				5272B4E727A2586700D3E728 /* Products */,
			);
			sourceTree = "<group>";
		};
		5272B4E727A2586700D3E728 /* Products */ = {
			isa = PBXGroup;
			children = (
				5272B4E627A2586700D3E728 /* Prework.app */,
				5272B4FC27A2586800D3E728 /* PreworkTests.xctest */,
				5272B50727A2586800D3E728 /* PreworkUITests.xctest */,
			);
			name = Products;
			sourceTree = "<group>";
		};
		5272B4E827A2586700D3E728 /* Prework */ = {
			isa = PBXGroup;
			children = (
				5272B4E927A2586700D3E728 /* AppDelegate.swift */,
				5272B4EB27A2586700D3E728 /* SceneDelegate.swift */,
				5272B4ED27A2586700D3E728 /* ViewController.swift */,
				5272B52727A39B5700D3E728 /* SettingViewController.swift */,
				5272B4EF27A2586700D3E728 /* Main.storyboard */,
				5272B4F227A2586800D3E728 /* Assets.xcassets */,
				5272B4F427A2586800D3E728 /* LaunchScreen.storyboard */,
				5272B4F727A2586800D3E728 /* Info.plist */,
			);
			path = Prework;
			sourceTree = "<group>";
		};
		5272B4FF27A2586800D3E728 /* PreworkTests */ = {
			isa = PBXGroup;
			children = (
				5272B50027A2586800D3E728 /* PreworkTests.swift */,
				5272B50227A2586800D3E728 /* Info.plist */,
			);
			path = PreworkTests;
			sourceTree = "<group>";
		};
		5272B50A27A2586800D3E728 /* PreworkUITests */ = {
			isa = PBXGroup;
			children = (
				5272B50B27A2586800D3E728 /* PreworkUITests.swift */,
				5272B50D27A2586800D3E728 /* Info.plist */,
			);
			path = PreworkUITests;
			sourceTree = "<group>";
		};
/* End PBXGroup section */

/* Begin PBXNativeTarget section */
		5272B4E527A2586700D3E728 /* Prework */ = {
			isa = PBXNativeTarget;
			buildConfigurationList = 5272B51027A2586800D3E728 /* Build configuration list for PBXNativeTarget "Prework" */;
			buildPhases = (
				5272B4E227A2586700D3E728 /* Sources */,
				5272B4E327A2586700D3E728 /* Frameworks */,
				5272B4E427A2586700D3E728 /* Resources */,
			);
			buildRules = (
			);
			dependencies = (
			);
			name = Prework;
			productName = Prework;
			productReference = 5272B4E627A2586700D3E728 /* Prework.app */;
			productType = "com.apple.product-type.application";
		};
		5272B4FB27A2586800D3E728 /* PreworkTests */ = {
			isa = PBXNativeTarget;
			buildConfigurationList = 5272B51327A2586800D3E728 /* Build configuration list for PBXNativeTarget "PreworkTests" */;
			buildPhases = (
				5272B4F827A2586800D3E728 /* Sources */,
				5272B4F927A2586800D3E728 /* Frameworks */,
				5272B4FA27A2586800D3E728 /* Resources */,
			);
			buildRules = (
			);
			dependencies = (
				5272B4FE27A2586800D3E728 /* PBXTargetDependency */,
			);
			name = PreworkTests;
			productName = PreworkTests;
			productReference = 5272B4FC27A2586800D3E728 /* PreworkTests.xctest */;
			productType = "com.apple.product-type.bundle.unit-test";
		};
		5272B50627A2586800D3E728 /* PreworkUITests */ = {
			isa = PBXNativeTarget;
			buildConfigurationList = 5272B51627A2586800D3E728 /* Build configuration list for PBXNativeTarget "PreworkUITests" */;
			buildPhases = (
				5272B50327A2586800D3E728 /* Sources */,
				5272B50427A2586800D3E728 /* Frameworks */,
				5272B50527A2586800D3E728 /* Resources */,
			);
			buildRules = (
			);
			dependencies = (
				5272B50927A2586800D3E728 /* PBXTargetDependency */,
			);
			name = PreworkUITests;
			productName = PreworkUITests;
			productReference = 5272B50727A2586800D3E728 /* PreworkUITests.xctest */;
			productType = "com.apple.product-type.bundle.ui-testing";
		};
/* End PBXNativeTarget section */

/* Begin PBXProject section */
		5272B4DE27A2586700D3E728 /* Project object */ = {
			isa = PBXProject;
			attributes = {
				LastSwiftUpdateCheck = 1240;
				LastUpgradeCheck = 1240;
				TargetAttributes = {
					5272B4E527A2586700D3E728 = {
						CreatedOnToolsVersion = 12.4;
					};
					5272B4FB27A2586800D3E728 = {
						CreatedOnToolsVersion = 12.4;
						TestTargetID = 5272B4E527A2586700D3E728;
					};
					5272B50627A2586800D3E728 = {
						CreatedOnToolsVersion = 12.4;
						TestTargetID = 5272B4E527A2586700D3E728;
					};
				};
			};
			buildConfigurationList = 5272B4E127A2586700D3E728 /* Build configuration list for PBXProject "Prework" */;
			compatibilityVersion = "Xcode 9.3";
			developmentRegion = en;
			hasScannedForEncodings = 0;
			knownRegions = (
				en,
				Base,
			);
			mainGroup = 5272B4DD27A2586700D3E728;
			productRefGroup = 5272B4E727A2586700D3E728 /* Products */;
			projectDirPath = "";
			projectRoot = "";
			targets = (
				5272B4E527A2586700D3E728 /* Prework */,
				5272B4FB27A2586800D3E728 /* PreworkTests */,
				5272B50627A2586800D3E728 /* PreworkUITests */,
			);
		};
/* End PBXProject section */

/* Begin PBXResourcesBuildPhase section */
		5272B4E427A2586700D3E728 /* Resources */ = {
			isa = PBXResourcesBuildPhase;
			buildActionMask = 2147483647;
			files = (
				5272B4F627A2586800D3E728 /* LaunchScreen.storyboard in Resources */,
				5272B4F327A2586800D3E728 /* Assets.xcassets in Resources */,
				5272B4F127A2586700D3E728 /* Main.storyboard in Resources */,
			);
			runOnlyForDeploymentPostprocessing = 0;
		};
		5272B4FA27A2586800D3E728 /* Resources */ = {
			isa = PBXResourcesBuildPhase;
			buildActionMask = 2147483647;
			files = (
			);
			runOnlyForDeploymentPostprocessing = 0;
		};
		5272B50527A2586800D3E728 /* Resources */ = {
			isa = PBXResourcesBuildPhase;
			buildActionMask = 2147483647;
			files = (
			);
			runOnlyForDeploymentPostprocessing = 0;
		};
/* End PBXResourcesBuildPhase section */

/* Begin PBXSourcesBuildPhase section */
		5272B4E227A2586700D3E728 /* Sources */ = {
			isa = PBXSourcesBuildPhase;
			buildActionMask = 2147483647;
			files = (
				5272B4EE27A2586700D3E728 /* ViewController.swift in Sources */,
				5272B4EA27A2586700D3E728 /* AppDelegate.swift in Sources */,
				5272B4EC27A2586700D3E728 /* SceneDelegate.swift in Sources */,
				5272B52827A39B5700D3E728 /* SettingViewController.swift in Sources */,
			);
			runOnlyForDeploymentPostprocessing = 0;
		};
		5272B4F827A2586800D3E728 /* Sources */ = {
			isa = PBXSourcesBuildPhase;
			buildActionMask = 2147483647;
			files = (
				5272B50127A2586800D3E728 /* PreworkTests.swift in Sources */,
			);
			runOnlyForDeploymentPostprocessing = 0;
		};
		5272B50327A2586800D3E728 /* Sources */ = {
			isa = PBXSourcesBuildPhase;
			buildActionMask = 2147483647;
			files = (
				5272B50C27A2586800D3E728 /* PreworkUITests.swift in Sources */,
			);
			runOnlyForDeploymentPostprocessing = 0;
		};
/* End PBXSourcesBuildPhase section */

/* Begin PBXTargetDependency section */
		5272B4FE27A2586800D3E728 /* PBXTargetDependency */ = {
			isa = PBXTargetDependency;
			target = 5272B4E527A2586700D3E728 /* Prework */;
			targetProxy = 5272B4FD27A2586800D3E728 /* PBXContainerItemProxy */;
		};
		5272B50927A2586800D3E728 /* PBXTargetDependency */ = {
			isa = PBXTargetDependency;
			target = 5272B4E527A2586700D3E728 /* Prework */;
			targetProxy = 5272B50827A2586800D3E728 /* PBXContainerItemProxy */;
		};
/* End PBXTargetDependency section */

/* Begin PBXVariantGroup section */
		5272B4EF27A2586700D3E728 /* Main.storyboard */ = {
			isa = PBXVariantGroup;
			children = (
				5272B4F027A2586700D3E728 /* Base */,
			);
			name = Main.storyboard;
			sourceTree = "<group>";
		};
		5272B4F427A2586800D3E728 /* LaunchScreen.storyboard */ = {
			isa = PBXVariantGroup;
			children = (
				5272B4F527A2586800D3E728 /* Base */,
			);
			name = LaunchScreen.storyboard;
			sourceTree = "<group>";
		};
/* End PBXVariantGroup section */

/* Begin XCBuildConfiguration section */
		5272B50E27A2586800D3E728 /* Debug */ = {
			isa = XCBuildConfiguration;
			buildSettings = {
				ALWAYS_SEARCH_USER_PATHS = NO;
				CLANG_ANALYZER_NONNULL = YES;
				CLANG_ANALYZER_NUMBER_OBJECT_CONVERSION = YES_AGGRESSIVE;
				CLANG_CXX_LANGUAGE_STANDARD = "gnu++14";
				CLANG_CXX_LIBRARY = "libc++";
				CLANG_ENABLE_MODULES = YES;
				CLANG_ENABLE_OBJC_ARC = YES;
				CLANG_ENABLE_OBJC_WEAK = YES;
				CLANG_WARN_BLOCK_CAPTURE_AUTORELEASING = YES;
				CLANG_WARN_BOOL_CONVERSION = YES;
				CLANG_WARN_COMMA = YES;
				CLANG_WARN_CONSTANT_CONVERSION = YES;
				CLANG_WARN_DEPRECATED_OBJC_IMPLEMENTATIONS = YES;
				CLANG_WARN_DIRECT_OBJC_ISA_USAGE = YES_ERROR;
				CLANG_WARN_DOCUMENTATION_COMMENTS = YES;
				CLANG_WARN_EMPTY_BODY = YES;
				CLANG_WARN_ENUM_CONVERSION = YES;
				CLANG_WARN_INFINITE_RECURSION = YES;
				CLANG_WARN_INT_CONVERSION = YES;
				CLANG_WARN_NON_LITERAL_NULL_CONVERSION = YES;
				CLANG_WARN_OBJC_IMPLICIT_RETAIN_SELF = YES;
				CLANG_WARN_OBJC_LITERAL_CONVERSION = YES;
				CLANG_WARN_OBJC_ROOT_CLASS = YES_ERROR;
				CLANG_WARN_QUOTED_INCLUDE_IN_FRAMEWORK_HEADER = YES;
				CLANG_WARN_RANGE_LOOP_ANALYSIS = YES;
				CLANG_WARN_STRICT_PROTOTYPES = YES;
				CLANG_WARN_SUSPICIOUS_MOVE = YES;
				CLANG_WARN_UNGUARDED_AVAILABILITY = YES_AGGRESSIVE;
				CLANG_WARN_UNREACHABLE_CODE = YES;
				CLANG_WARN__DUPLICATE_METHOD_MATCH = YES;
				COPY_PHASE_STRIP = NO;
				DEBUG_INFORMATION_FORMAT = dwarf;
				ENABLE_STRICT_OBJC_MSGSEND = YES;
				ENABLE_TESTABILITY = YES;
				GCC_C_LANGUAGE_STANDARD = gnu11;
				GCC_DYNAMIC_NO_PIC = NO;
				GCC_NO_COMMON_BLOCKS = YES;
				GCC_OPTIMIZATION_LEVEL = 0;
				GCC_PREPROCESSOR_DEFINITIONS = (
					"DEBUG=1",
					"$(inherited)",
				);
				GCC_WARN_64_TO_32_BIT_CONVERSION = YES;
				GCC_WARN_ABOUT_RETURN_TYPE = YES_ERROR;
				GCC_WARN_UNDECLARED_SELECTOR = YES;
				GCC_WARN_UNINITIALIZED_AUTOS = YES_AGGRESSIVE;
				GCC_WARN_UNUSED_FUNCTION = YES;
				GCC_WARN_UNUSED_VARIABLE = YES;
				IPHONEOS_DEPLOYMENT_TARGET = 14.4;
				MTL_ENABLE_DEBUG_INFO = INCLUDE_SOURCE;
				MTL_FAST_MATH = YES;
				ONLY_ACTIVE_ARCH = YES;
				SDKROOT = iphoneos;
				SWIFT_ACTIVE_COMPILATION_CONDITIONS = DEBUG;
				SWIFT_OPTIMIZATION_LEVEL = "-Onone";
			};
			name = Debug;
		};
		5272B50F27A2586800D3E728 /* Release */ = {
			isa = XCBuildConfiguration;
			buildSettings = {
				ALWAYS_SEARCH_USER_PATHS = NO;
				CLANG_ANALYZER_NONNULL = YES;
				CLANG_ANALYZER_NUMBER_OBJECT_CONVERSION = YES_AGGRESSIVE;
				CLANG_CXX_LANGUAGE_STANDARD = "gnu++14";
				CLANG_CXX_LIBRARY = "libc++";
				CLANG_ENABLE_MODULES = YES;
				CLANG_ENABLE_OBJC_ARC = YES;
				CLANG_ENABLE_OBJC_WEAK = YES;
				CLANG_WARN_BLOCK_CAPTURE_AUTORELEASING = YES;
				CLANG_WARN_BOOL_CONVERSION = YES;
				CLANG_WARN_COMMA = YES;
				CLANG_WARN_CONSTANT_CONVERSION = YES;
				CLANG_WARN_DEPRECATED_OBJC_IMPLEMENTATIONS = YES;
				CLANG_WARN_DIRECT_OBJC_ISA_USAGE = YES_ERROR;
				CLANG_WARN_DOCUMENTATION_COMMENTS = YES;
				CLANG_WARN_EMPTY_BODY = YES;
				CLANG_WARN_ENUM_CONVERSION = YES;
				CLANG_WARN_INFINITE_RECURSION = YES;
				CLANG_WARN_INT_CONVERSION = YES;
				CLANG_WARN_NON_LITERAL_NULL_CONVERSION = YES;
				CLANG_WARN_OBJC_IMPLICIT_RETAIN_SELF = YES;
				CLANG_WARN_OBJC_LITERAL_CONVERSION = YES;
				CLANG_WARN_OBJC_ROOT_CLASS = YES_ERROR;
				CLANG_WARN_QUOTED_INCLUDE_IN_FRAMEWORK_HEADER = YES;
				CLANG_WARN_RANGE_LOOP_ANALYSIS = YES;
				CLANG_WARN_STRICT_PROTOTYPES = YES;
				CLANG_WARN_SUSPICIOUS_MOVE = YES;
				CLANG_WARN_UNGUARDED_AVAILABILITY = YES_AGGRESSIVE;
				CLANG_WARN_UNREACHABLE_CODE = YES;
				CLANG_WARN__DUPLICATE_METHOD_MATCH = YES;
				COPY_PHASE_STRIP = NO;
				DEBUG_INFORMATION_FORMAT = "dwarf-with-dsym";
				ENABLE_NS_ASSERTIONS = NO;
				ENABLE_STRICT_OBJC_MSGSEND = YES;
				GCC_C_LANGUAGE_STANDARD = gnu11;
				GCC_NO_COMMON_BLOCKS = YES;
				GCC_WARN_64_TO_32_BIT_CONVERSION = YES;
				GCC_WARN_ABOUT_RETURN_TYPE = YES_ERROR;
				GCC_WARN_UNDECLARED_SELECTOR = YES;
				GCC_WARN_UNINITIALIZED_AUTOS = YES_AGGRESSIVE;
				GCC_WARN_UNUSED_FUNCTION = YES;
				GCC_WARN_UNUSED_VARIABLE = YES;
				IPHONEOS_DEPLOYMENT_TARGET = 14.4;
				MTL_ENABLE_DEBUG_INFO = NO;
				MTL_FAST_MATH = YES;
				SDKROOT = iphoneos;
				SWIFT_COMPILATION_MODE = wholemodule;
				SWIFT_OPTIMIZATION_LEVEL = "-O";
				VALIDATE_PRODUCT = YES;
			};
			name = Release;
		};
		5272B51127A2586800D3E728 /* Debug */ = {
			isa = XCBuildConfiguration;
			buildSettings = {
				ASSETCATALOG_COMPILER_APPICON_NAME = AppIcon;
				ASSETCATALOG_COMPILER_GLOBAL_ACCENT_COLOR_NAME = AccentColor;
				CODE_SIGN_STYLE = Automatic;
				INFOPLIST_FILE = Prework/Info.plist;
				LD_RUNPATH_SEARCH_PATHS = (
					"$(inherited)",
					"@executable_path/Frameworks",
				);
				PRODUCT_BUNDLE_IDENTIFIER = asura.Prework;
				PRODUCT_NAME = "$(TARGET_NAME)";
				SWIFT_VERSION = 5.0;
				TARGETED_DEVICE_FAMILY = "1,2";
			};
			name = Debug;
		};
		5272B51227A2586800D3E728 /* Release */ = {
			isa = XCBuildConfiguration;
			buildSettings = {
				ASSETCATALOG_COMPILER_APPICON_NAME = AppIcon;
				ASSETCATALOG_COMPILER_GLOBAL_ACCENT_COLOR_NAME = AccentColor;
				CODE_SIGN_STYLE = Automatic;
				INFOPLIST_FILE = Prework/Info.plist;
				LD_RUNPATH_SEARCH_PATHS = (
					"$(inherited)",
					"@executable_path/Frameworks",
				);
				PRODUCT_BUNDLE_IDENTIFIER = asura.Prework;
				PRODUCT_NAME = "$(TARGET_NAME)";
				SWIFT_VERSION = 5.0;
				TARGETED_DEVICE_FAMILY = "1,2";
			};
			name = Release;
		};
		5272B51427A2586800D3E728 /* Debug */ = {
			isa = XCBuildConfiguration;
			buildSettings = {
				ALWAYS_EMBED_SWIFT_STANDARD_LIBRARIES = YES;
				BUNDLE_LOADER = "$(TEST_HOST)";
				CODE_SIGN_STYLE = Automatic;
				INFOPLIST_FILE = PreworkTests/Info.plist;
				IPHONEOS_DEPLOYMENT_TARGET = 14.4;
				LD_RUNPATH_SEARCH_PATHS = (
					"$(inherited)",
					"@executable_path/Frameworks",
					"@loader_path/Frameworks",
				);
				PRODUCT_BUNDLE_IDENTIFIER = asura.PreworkTests;
				PRODUCT_NAME = "$(TARGET_NAME)";
				SWIFT_VERSION = 5.0;
				TARGETED_DEVICE_FAMILY = "1,2";
				TEST_HOST = "$(BUILT_PRODUCTS_DIR)/Prework.app/Prework";
			};
			name = Debug;
		};
		5272B51527A2586800D3E728 /* Release */ = {
			isa = XCBuildConfiguration;
			buildSettings = {
				ALWAYS_EMBED_SWIFT_STANDARD_LIBRARIES = YES;
				BUNDLE_LOADER = "$(TEST_HOST)";
				CODE_SIGN_STYLE = Automatic;
				INFOPLIST_FILE = PreworkTests/Info.plist;
				IPHONEOS_DEPLOYMENT_TARGET = 14.4;
				LD_RUNPATH_SEARCH_PATHS = (
					"$(inherited)",
					"@executable_path/Frameworks",
					"@loader_path/Frameworks",
				);
				PRODUCT_BUNDLE_IDENTIFIER = asura.PreworkTests;
				PRODUCT_NAME = "$(TARGET_NAME)";
				SWIFT_VERSION = 5.0;
				TARGETED_DEVICE_FAMILY = "1,2";
				TEST_HOST = "$(BUILT_PRODUCTS_DIR)/Prework.app/Prework";
			};
			name = Release;
		};
		5272B51727A2586800D3E728 /* Debug */ = {
			isa = XCBuildConfiguration;
			buildSettings = {
				ALWAYS_EMBED_SWIFT_STANDARD_LIBRARIES = YES;
				CODE_SIGN_STYLE = Automatic;
				INFOPLIST_FILE = PreworkUITests/Info.plist;
				LD_RUNPATH_SEARCH_PATHS = (
					"$(inherited)",
					"@executable_path/Frameworks",
					"@loader_path/Frameworks",
				);
				PRODUCT_BUNDLE_IDENTIFIER = asura.PreworkUITests;
				PRODUCT_NAME = "$(TARGET_NAME)";
				SWIFT_VERSION = 5.0;
				TARGETED_DEVICE_FAMILY = "1,2";
				TEST_TARGET_NAME = Prework;
			};
			name = Debug;
		};
		5272B51827A2586800D3E728 /* Release */ = {
			isa = XCBuildConfiguration;
			buildSettings = {
				ALWAYS_EMBED_SWIFT_STANDARD_LIBRARIES = YES;
				CODE_SIGN_STYLE = Automatic;
				INFOPLIST_FILE = PreworkUITests/Info.plist;
				LD_RUNPATH_SEARCH_PATHS = (
					"$(inherited)",
					"@executable_path/Frameworks",
					"@loader_path/Frameworks",
				);
				PRODUCT_BUNDLE_IDENTIFIER = asura.PreworkUITests;
				PRODUCT_NAME = "$(TARGET_NAME)";
				SWIFT_VERSION = 5.0;
				TARGETED_DEVICE_FAMILY = "1,2";
				TEST_TARGET_NAME = Prework;
			};
			name = Release;
		};
/* End XCBuildConfiguration section */

/* Begin XCConfigurationList section */
		5272B4E127A2586700D3E728 /* Build configuration list for PBXProject "Prework" */ = {
			isa = XCConfigurationList;
			buildConfigurations = (
				5272B50E27A2586800D3E728 /* Debug */,
				5272B50F27A2586800D3E728 /* Release */,
			);
			defaultConfigurationIsVisible = 0;
			defaultConfigurationName = Release;
		};
		5272B51027A2586800D3E728 /* Build configuration list for PBXNativeTarget "Prework" */ = {
			isa = XCConfigurationList;
			buildConfigurations = (
				5272B51127A2586800D3E728 /* Debug */,
				5272B51227A2586800D3E728 /* Release */,
			);
			defaultConfigurationIsVisible = 0;
			defaultConfigurationName = Release;
		};
		5272B51327A2586800D3E728 /* Build configuration list for PBXNativeTarget "PreworkTests" */ = {
			isa = XCConfigurationList;
			buildConfigurations = (
				5272B51427A2586800D3E728 /* Debug */,
				5272B51527A2586800D3E728 /* Release */,
			);
			defaultConfigurationIsVisible = 0;
			defaultConfigurationName = Release;
		};
		5272B51627A2586800D3E728 /* Build configuration list for PBXNativeTarget "PreworkUITests" */ = {
			isa = XCConfigurationList;
			buildConfigurations = (
				5272B51727A2586800D3E728 /* Debug */,
				5272B51827A2586800D3E728 /* Release */,
			);
			defaultConfigurationIsVisible = 0;
			defaultConfigurationName = Release;
		};
/* End XCConfigurationList section */
	};
	rootObject = 5272B4DE27A2586700D3E728 /* Project object */;
}
